{
  "nodes": {
    "nixpkgs": {
      "locked": {
        "lastModified": 1667085676,
        "narHash": "sha256-jPHYYoSdrV3ypWG4oi9SUeI2MU6dLjxM88+9io5Rrx0=",
        "owner": "NixOS",
        "repo": "nixpkgs",
        "rev": "e6e6bad81b7e11f37d893ef39712ce8918ae2338",
        "type": "github"
      },
      "original": {
        "id": "nixpkgs",
        "type": "indirect"
      }
    },
    "root": {
      "inputs": {
        "nixpkgs": "nixpkgs",
        "zig-source": "zig-source"
      }
    },
    "zig-source": {
      "flake": false,
      "locked": {
        "narHash": "sha256-cQ8CTXY8PuBxMhbod+LvQK3Q6ictyt16XcpbpRuhDXQ=",
        "type": "tarball",
        "url": "https://ziglang.org/download/0.10.0/zig-linux-x86_64-0.10.0.tar.xz"
      },
      "original": {
        "type": "tarball",
        "url": "https://ziglang.org/download/0.10.0/zig-linux-x86_64-0.10.0.tar.xz"
      }
    }
  },
  "root": "root",
  "version": 7
}
